
Microsoft Visual Studio Solution File, Format Version 12.00
# Visual Studio Version 17
VisualStudioVersion = 17.10.34916.146
MinimumVisualStudioVersion = 10.0.40219.1
Project("{9A19103F-16F7-4668-BE54-9A1E7A4F7556}") = "KR Cartographers", "KR Cartographers\KR Cartographers.csproj", "{5B2FE005-3A1A-4120-883D-0C45D6F4A0ED}"
EndProject
Global
	GlobalSection(SolutionConfigurationPlatforms) = preSolution
		Debug|Any CPU = Debug|Any CPU
		Release|Any CPU = Release|Any CPU
	EndGlobalSection
	GlobalSection(ProjectConfigurationPlatforms) = postSolution
		{5B2FE005-3A1A-4120-883D-0C45D6F4A0ED}.Debug|Any CPU.ActiveCfg = Debug|Any CPU
		{5B2FE005-3A1A-4120-883D-0C45D6F4A0ED}.Debug|Any CPU.Build.0 = Debug|Any CPU
		{5B2FE005-3A1A-4120-883D-0C45D6F4A0ED}.Release|Any CPU.ActiveCfg = Release|Any CPU
		{5B2FE005-3A1A-4120-883D-0C45D6F4A0ED}.Release|Any CPU.Build.0 = Release|Any CPU
	EndGlobalSection
	GlobalSection(SolutionProperties) = preSolution
		HideSolutionNode = FALSE
	EndGlobalSection
	GlobalSection(ExtensibilityGlobals) = postSolution
		SolutionGuid = {B0A1FAF2-40CA-4509-AAD9-8EBC2899A602}
	EndGlobalSection
EndGlobal
